
Microsoft Visual Studio Solution File, Format Version 12.00
# Visual Studio Version 17
VisualStudioVersion = 17.9.34728.123
MinimumVisualStudioVersion = 10.0.40219.1
Project("{FAE04EC0-301F-11D3-BF4B-00C04F79EFBC}") = "WebAPI", "DatabaseProgrammingProject\WebAPI.csproj", "{5F8409FF-EB67-4597-B639-BA19CE3636A7}"
EndProject
Project("{FAE04EC0-301F-11D3-BF4B-00C04F79EFBC}") = "Model", "Model\Model.csproj", "{4714177B-0A90-4565-90BC-C59CC25DB908}"
EndProject
Project("{FAE04EC0-301F-11D3-BF4B-00C04F79EFBC}") = "DAL", "DAL\DAL.csproj", "{D3632984-B4C2-4296-A11B-D92FBD1A15EF}"
EndProject
Global
	GlobalSection(SolutionConfigurationPlatforms) = preSolution
		Debug|Any CPU = Debug|Any CPU
		Release|Any CPU = Release|Any CPU
	EndGlobalSection
	GlobalSection(ProjectConfigurationPlatforms) = postSolution
		{5F8409FF-EB67-4597-B639-BA19CE3636A7}.Debug|Any CPU.ActiveCfg = Debug|Any CPU
		{5F8409FF-EB67-4597-B639-BA19CE3636A7}.Debug|Any CPU.Build.0 = Debug|Any CPU
		{5F8409FF-EB67-4597-B639-BA19CE3636A7}.Release|Any CPU.ActiveCfg = Release|Any CPU
		{5F8409FF-EB67-4597-B639-BA19CE3636A7}.Release|Any CPU.Build.0 = Release|Any CPU
		{4714177B-0A90-4565-90BC-C59CC25DB908}.Debug|Any CPU.ActiveCfg = Debug|Any CPU
		{4714177B-0A90-4565-90BC-C59CC25DB908}.Debug|Any CPU.Build.0 = Debug|Any CPU
		{4714177B-0A90-4565-90BC-C59CC25DB908}.Release|Any CPU.ActiveCfg = Release|Any CPU
		{4714177B-0A90-4565-90BC-C59CC25DB908}.Release|Any CPU.Build.0 = Release|Any CPU
		{D3632984-B4C2-4296-A11B-D92FBD1A15EF}.Debug|Any CPU.ActiveCfg = Debug|Any CPU
		{D3632984-B4C2-4296-A11B-D92FBD1A15EF}.Debug|Any CPU.Build.0 = Debug|Any CPU
		{D3632984-B4C2-4296-A11B-D92FBD1A15EF}.Release|Any CPU.ActiveCfg = Release|Any CPU
		{D3632984-B4C2-4296-A11B-D92FBD1A15EF}.Release|Any CPU.Build.0 = Release|Any CPU
	EndGlobalSection
	GlobalSection(SolutionProperties) = preSolution
		HideSolutionNode = FALSE
	EndGlobalSection
	GlobalSection(ExtensibilityGlobals) = postSolution
		SolutionGuid = {D3B8484D-F63A-4EB1-8BE0-E04B997F7072}
	EndGlobalSection
EndGlobal
